
Microsoft Visual Studio Solution File, Format Version 12.00
# Visual Studio 14
VisualStudioVersion = 14.0.25420.1
MinimumVisualStudioVersion = 10.0.40219.1
Project("{2150E333-8FDC-42A3-9474-1A3956D46DE8}") = "Tests", "Tests", "{C7780B7C-9262-4B8C-AD4A-FC7579523716}"
EndProject
Project("{FAE04EC0-301F-11D3-BF4B-00C04F79EFBC}") = "LearnUnitTest.Services.Test", "Tests\LearnUnitTest.Services.Test\LearnUnitTest.Services.Test.csproj", "{E767EEC7-F777-484C-9D41-52E74828CB6A}"
EndProject
Project("{2150E333-8FDC-42A3-9474-1A3956D46DE8}") = "Libraries", "Libraries", "{8B169676-2B75-403D-B384-32FD59935C86}"
EndProject
Project("{FAE04EC0-301F-11D3-BF4B-00C04F79EFBC}") = "LearnUnitTest.Services", "Libraries\LearnUnitTest.Services\LearnUnitTest.Services.csproj", "{471FE284-77E9-46D6-9DD0-13367B1DA0A5}"
EndProject
Project("{FAE04EC0-301F-11D3-BF4B-00C04F79EFBC}") = "LearnUnitTest.Core", "Libraries\LearnUnitTest.Core\LearnUnitTest.Core.csproj", "{2DC8C009-AB84-4B8C-8481-98B957C744B0}"
EndProject
Project("{FAE04EC0-301F-11D3-BF4B-00C04F79EFBC}") = "LearnUnitTest.Core.Test", "Tests\LearnUnitTest.Core.Test\LearnUnitTest.Core.Test.csproj", "{E396FEF3-62BF-458D-B34E-13ADF49F098A}"
EndProject
Project("{2150E333-8FDC-42A3-9474-1A3956D46DE8}") = "Presentation", "Presentation", "{679133B8-4B54-4B52-9118-4FC32203AC44}"
EndProject
Project("{FAE04EC0-301F-11D3-BF4B-00C04F79EFBC}") = "LearnUnitTest.Web", "Presentation\LearnUnitTest.Web\LearnUnitTest.Web.csproj", "{07503E2A-374B-4224-923B-EADC294F7D39}"
EndProject
Project("{FAE04EC0-301F-11D3-BF4B-00C04F79EFBC}") = "LearnUnitTest.Web.Test", "Tests\LearnUnitTest.Web.Test\LearnUnitTest.Web.Test.csproj", "{C188CA0A-8B20-45B2-96CF-10FE22DF0768}"
EndProject
Project("{FAE04EC0-301F-11D3-BF4B-00C04F79EFBC}") = "LearnUnitTest.Data", "Libraries\LearnUnitTest.Data\LearnUnitTest.Data.csproj", "{8777DBD3-59FA-4D07-A725-F0E7405693C6}"
EndProject
Global
	GlobalSection(SolutionConfigurationPlatforms) = preSolution
		Debug|Any CPU = Debug|Any CPU
		Release|Any CPU = Release|Any CPU
	EndGlobalSection
	GlobalSection(ProjectConfigurationPlatforms) = postSolution
		{E767EEC7-F777-484C-9D41-52E74828CB6A}.Debug|Any CPU.ActiveCfg = Debug|Any CPU
		{E767EEC7-F777-484C-9D41-52E74828CB6A}.Debug|Any CPU.Build.0 = Debug|Any CPU
		{E767EEC7-F777-484C-9D41-52E74828CB6A}.Release|Any CPU.ActiveCfg = Release|Any CPU
		{E767EEC7-F777-484C-9D41-52E74828CB6A}.Release|Any CPU.Build.0 = Release|Any CPU
		{471FE284-77E9-46D6-9DD0-13367B1DA0A5}.Debug|Any CPU.ActiveCfg = Debug|Any CPU
		{471FE284-77E9-46D6-9DD0-13367B1DA0A5}.Debug|Any CPU.Build.0 = Debug|Any CPU
		{471FE284-77E9-46D6-9DD0-13367B1DA0A5}.Release|Any CPU.ActiveCfg = Release|Any CPU
		{471FE284-77E9-46D6-9DD0-13367B1DA0A5}.Release|Any CPU.Build.0 = Release|Any CPU
		{2DC8C009-AB84-4B8C-8481-98B957C744B0}.Debug|Any CPU.ActiveCfg = Debug|Any CPU
		{2DC8C009-AB84-4B8C-8481-98B957C744B0}.Debug|Any CPU.Build.0 = Debug|Any CPU
		{2DC8C009-AB84-4B8C-8481-98B957C744B0}.Release|Any CPU.ActiveCfg = Release|Any CPU
		{2DC8C009-AB84-4B8C-8481-98B957C744B0}.Release|Any CPU.Build.0 = Release|Any CPU
		{E396FEF3-62BF-458D-B34E-13ADF49F098A}.Debug|Any CPU.ActiveCfg = Debug|Any CPU
		{E396FEF3-62BF-458D-B34E-13ADF49F098A}.Debug|Any CPU.Build.0 = Debug|Any CPU
		{E396FEF3-62BF-458D-B34E-13ADF49F098A}.Release|Any CPU.ActiveCfg = Release|Any CPU
		{E396FEF3-62BF-458D-B34E-13ADF49F098A}.Release|Any CPU.Build.0 = Release|Any CPU
		{07503E2A-374B-4224-923B-EADC294F7D39}.Debug|Any CPU.ActiveCfg = Debug|Any CPU
		{07503E2A-374B-4224-923B-EADC294F7D39}.Debug|Any CPU.Build.0 = Debug|Any CPU
		{07503E2A-374B-4224-923B-EADC294F7D39}.Release|Any CPU.ActiveCfg = Release|Any CPU
		{07503E2A-374B-4224-923B-EADC294F7D39}.Release|Any CPU.Build.0 = Release|Any CPU
		{C188CA0A-8B20-45B2-96CF-10FE22DF0768}.Debug|Any CPU.ActiveCfg = Debug|Any CPU
		{C188CA0A-8B20-45B2-96CF-10FE22DF0768}.Debug|Any CPU.Build.0 = Debug|Any CPU
		{C188CA0A-8B20-45B2-96CF-10FE22DF0768}.Release|Any CPU.ActiveCfg = Release|Any CPU
		{C188CA0A-8B20-45B2-96CF-10FE22DF0768}.Release|Any CPU.Build.0 = Release|Any CPU
		{8777DBD3-59FA-4D07-A725-F0E7405693C6}.Debug|Any CPU.ActiveCfg = Debug|Any CPU
		{8777DBD3-59FA-4D07-A725-F0E7405693C6}.Debug|Any CPU.Build.0 = Debug|Any CPU
		{8777DBD3-59FA-4D07-A725-F0E7405693C6}.Release|Any CPU.ActiveCfg = Release|Any CPU
		{8777DBD3-59FA-4D07-A725-F0E7405693C6}.Release|Any CPU.Build.0 = Release|Any CPU
	EndGlobalSection
	GlobalSection(SolutionProperties) = preSolution
		HideSolutionNode = FALSE
	EndGlobalSection
	GlobalSection(NestedProjects) = preSolution
		{E767EEC7-F777-484C-9D41-52E74828CB6A} = {C7780B7C-9262-4B8C-AD4A-FC7579523716}
		{471FE284-77E9-46D6-9DD0-13367B1DA0A5} = {8B169676-2B75-403D-B384-32FD59935C86}
		{2DC8C009-AB84-4B8C-8481-98B957C744B0} = {8B169676-2B75-403D-B384-32FD59935C86}
		{E396FEF3-62BF-458D-B34E-13ADF49F098A} = {C7780B7C-9262-4B8C-AD4A-FC7579523716}
		{07503E2A-374B-4224-923B-EADC294F7D39} = {679133B8-4B54-4B52-9118-4FC32203AC44}
		{C188CA0A-8B20-45B2-96CF-10FE22DF0768} = {C7780B7C-9262-4B8C-AD4A-FC7579523716}
		{8777DBD3-59FA-4D07-A725-F0E7405693C6} = {8B169676-2B75-403D-B384-32FD59935C86}
	EndGlobalSection
EndGlobal
